
Microsoft Visual Studio Solution File, Format Version 12.00
# Visual Studio Version 17
VisualStudioVersion = 17.10.34928.147
MinimumVisualStudioVersion = 10.0.40219.1
Project("{FAE04EC0-301F-11D3-BF4B-00C04F79EFBC}") = "KS346_SensorWriting_8ch", "KS346_SensorWriting_8ch.csproj", "{6398927D-676E-444F-AE90-3CD3CFEB5292}"
EndProject
Global
	GlobalSection(SolutionConfigurationPlatforms) = preSolution
		Debug|Any CPU = Debug|Any CPU
		Release|Any CPU = Release|Any CPU
	EndGlobalSection
	GlobalSection(ProjectConfigurationPlatforms) = postSolution
		{6398927D-676E-444F-AE90-3CD3CFEB5292}.Debug|Any CPU.ActiveCfg = Debug|Any CPU
		{6398927D-676E-444F-AE90-3CD3CFEB5292}.Debug|Any CPU.Build.0 = Debug|Any CPU
		{6398927D-676E-444F-AE90-3CD3CFEB5292}.Release|Any CPU.ActiveCfg = Release|Any CPU
		{6398927D-676E-444F-AE90-3CD3CFEB5292}.Release|Any CPU.Build.0 = Release|Any CPU
	EndGlobalSection
	GlobalSection(SolutionProperties) = preSolution
		HideSolutionNode = FALSE
	EndGlobalSection
	GlobalSection(ExtensibilityGlobals) = postSolution
		SolutionGuid = {62301540-5D66-408C-ABBA-B1ED5F96AE6D}
	EndGlobalSection
EndGlobal
